
Microsoft Visual Studio Solution File, Format Version 12.00
# Visual Studio Version 16
VisualStudioVersion = 16.0.31019.35
MinimumVisualStudioVersion = 10.0.40219.1
Project("{FAE04EC0-301F-11D3-BF4B-00C04F79EFBC}") = "ConsoleApp2", "ConsoleApp2.csproj", "{41D54163-5908-4140-982D-9921F389E461}"
EndProject
Global
	GlobalSection(SolutionConfigurationPlatforms) = preSolution
		Debug|Any CPU = Debug|Any CPU
		Release|Any CPU = Release|Any CPU
	EndGlobalSection
	GlobalSection(ProjectConfigurationPlatforms) = postSolution
		{41D54163-5908-4140-982D-9921F389E461}.Debug|Any CPU.ActiveCfg = Debug|Any CPU
		{41D54163-5908-4140-982D-9921F389E461}.Debug|Any CPU.Build.0 = Debug|Any CPU
		{41D54163-5908-4140-982D-9921F389E461}.Release|Any CPU.ActiveCfg = Release|Any CPU
		{41D54163-5908-4140-982D-9921F389E461}.Release|Any CPU.Build.0 = Release|Any CPU
	EndGlobalSection
	GlobalSection(SolutionProperties) = preSolution
		HideSolutionNode = FALSE
	EndGlobalSection
	GlobalSection(ExtensibilityGlobals) = postSolution
		SolutionGuid = {19D93398-7AFC-4423-A447-FE3465272F79}
	EndGlobalSection
EndGlobal
