
Microsoft Visual Studio Solution File, Format Version 12.00
# Visual Studio Version 16
VisualStudioVersion = 16.0.31019.35
MinimumVisualStudioVersion = 10.0.40219.1
Project("{FAE04EC0-301F-11D3-BF4B-00C04F79EFBC}") = "ClassReview031621", "ClassReview031621.csproj", "{ACC6BE83-A732-4B7A-AEE4-DDE545C4DEA4}"
EndProject
Global
	GlobalSection(SolutionConfigurationPlatforms) = preSolution
		Debug|Any CPU = Debug|Any CPU
		Release|Any CPU = Release|Any CPU
	EndGlobalSection
	GlobalSection(ProjectConfigurationPlatforms) = postSolution
		{ACC6BE83-A732-4B7A-AEE4-DDE545C4DEA4}.Debug|Any CPU.ActiveCfg = Debug|Any CPU
		{ACC6BE83-A732-4B7A-AEE4-DDE545C4DEA4}.Debug|Any CPU.Build.0 = Debug|Any CPU
		{ACC6BE83-A732-4B7A-AEE4-DDE545C4DEA4}.Release|Any CPU.ActiveCfg = Release|Any CPU
		{ACC6BE83-A732-4B7A-AEE4-DDE545C4DEA4}.Release|Any CPU.Build.0 = Release|Any CPU
	EndGlobalSection
	GlobalSection(SolutionProperties) = preSolution
		HideSolutionNode = FALSE
	EndGlobalSection
	GlobalSection(ExtensibilityGlobals) = postSolution
		SolutionGuid = {4A331065-4C0A-48AB-8188-DE638C96C689}
	EndGlobalSection
EndGlobal
